
Microsoft Visual Studio Solution File, Format Version 12.00
# Visual Studio Version 17
VisualStudioVersion = 17.3.32929.385
MinimumVisualStudioVersion = 10.0.40219.1
Project("{FAE04EC0-301F-11D3-BF4B-00C04F79EFBC}") = "FinalProject", "FinalProject\FinalProject.csproj", "{EC62773D-7A77-4B7B-AEA0-57602857CE18}"
EndProject
Global
	GlobalSection(SolutionConfigurationPlatforms) = preSolution
		Debug|Any CPU = Debug|Any CPU
		Release|Any CPU = Release|Any CPU
	EndGlobalSection
	GlobalSection(ProjectConfigurationPlatforms) = postSolution
		{EC62773D-7A77-4B7B-AEA0-57602857CE18}.Debug|Any CPU.ActiveCfg = Debug|Any CPU
		{EC62773D-7A77-4B7B-AEA0-57602857CE18}.Debug|Any CPU.Build.0 = Debug|Any CPU
		{EC62773D-7A77-4B7B-AEA0-57602857CE18}.Release|Any CPU.ActiveCfg = Release|Any CPU
		{EC62773D-7A77-4B7B-AEA0-57602857CE18}.Release|Any CPU.Build.0 = Release|Any CPU
	EndGlobalSection
	GlobalSection(SolutionProperties) = preSolution
		HideSolutionNode = FALSE
	EndGlobalSection
	GlobalSection(ExtensibilityGlobals) = postSolution
		SolutionGuid = {469382AD-ED65-4715-9C4A-EF0D657C34A9}
	EndGlobalSection
EndGlobal
